
Microsoft Visual Studio Solution File, Format Version 12.00
# Visual Studio Version 16
VisualStudioVersion = 16.0.28803.452
MinimumVisualStudioVersion = 10.0.40219.1
Project("{FAE04EC0-301F-11D3-BF4B-00C04F79EFBC}") = "TTSoftwareUpdateManager", "TTSoftwareUpdateManager\TTSoftwareUpdateManager.csproj", "{3140AF02-EB0C-443E-89C4-0674836AC403}"
EndProject
Global
	GlobalSection(SolutionConfigurationPlatforms) = preSolution
		Debug|Any CPU = Debug|Any CPU
		Release|Any CPU = Release|Any CPU
	EndGlobalSection
	GlobalSection(ProjectConfigurationPlatforms) = postSolution
		{3140AF02-EB0C-443E-89C4-0674836AC403}.Debug|Any CPU.ActiveCfg = Debug|Any CPU
		{3140AF02-EB0C-443E-89C4-0674836AC403}.Debug|Any CPU.Build.0 = Debug|Any CPU
		{3140AF02-EB0C-443E-89C4-0674836AC403}.Release|Any CPU.ActiveCfg = Release|Any CPU
		{3140AF02-EB0C-443E-89C4-0674836AC403}.Release|Any CPU.Build.0 = Release|Any CPU
	EndGlobalSection
	GlobalSection(SolutionProperties) = preSolution
		HideSolutionNode = FALSE
	EndGlobalSection
	GlobalSection(ExtensibilityGlobals) = postSolution
		SolutionGuid = {3F689BFE-203E-4791-9AD7-320A326652AD}
	EndGlobalSection
EndGlobal
